// !$*UTF8*$!
{
	archiveVersion = 1;
	classes = {
	};
	objectVersion = 77;
	objects = {

/* Begin PBXBuildFile section */
		49DB18F53062B84000D91929 /* DeviceActivity.framework in Frameworks */ = {isa = PBXBuildFile; fileRef = 49DB18F43062B83F00D91929 /* DeviceActivity.framework */; };
		49DB18FD3062B84000D91929 /* NudgeMonitor.appex in Embed Foundation Extensions */ = {isa = PBXBuildFile; fileRef = 49DB18F23062B83F00D91929 /* NudgeMonitor.appex */; settings = {ATTRIBUTES = (RemoveHeadersOnCopy, ); }; };
		49DB19093062B87000D91929 /* ManagedSettings.framework in Frameworks */ = {isa = PBXBuildFile; fileRef = 49DB19083062B87000D91929 /* ManagedSettings.framework */; };
		49DB190B3062B87000D91929 /* ManagedSettingsUI.framework in Frameworks */ = {isa = PBXBuildFile; fileRef = 49DB190A3062B87000D91929 /* ManagedSettingsUI.framework */; };
		49DB19133062B87000D91929 /* NudgeShield.appex in Embed Foundation Extensions */ = {isa = PBXBuildFile; fileRef = 49DB19073062B87000D91929 /* NudgeShield.appex */; settings = {ATTRIBUTES = (RemoveHeadersOnCopy, ); }; };
		49DB191D3062B88700D91929 /* ManagedSettings.framework in Frameworks */ = {isa = PBXBuildFile; fileRef = 49DB19083062B87000D91929 /* ManagedSettings.framework */; };
		49DB19253062B88700D91929 /* NudgeShieldAction.appex in Embed Foundation Extensions */ = {isa = PBXBuildFile; fileRef = 49DB191C3062B88700D91929 /* NudgeShieldAction.appex */; settings = {ATTRIBUTES = (RemoveHeadersOnCopy, ); }; };
		A1B2C3D4000000000000E005 /* NudgeCore in Frameworks */ = {isa = PBXBuildFile; productRef = A1B2C3D4000000000000E003 /* NudgeCore */; };
		A1B2C3D4000000000000E006 /* DesignSystem in Frameworks */ = {isa = PBXBuildFile; productRef = A1B2C3D4000000000000E004 /* DesignSystem */; };
		A1B2C3D4000000000000E014 /* NudgeCore in Frameworks */ = {isa = PBXBuildFile; productRef = A1B2C3D4000000000000E011 /* NudgeCore */; };
		A1B2C3D4000000000000E015 /* NudgeCore in Frameworks */ = {isa = PBXBuildFile; productRef = A1B2C3D4000000000000E012 /* NudgeCore */; };
		A1B2C3D4000000000000E016 /* NudgeCore in Frameworks */ = {isa = PBXBuildFile; productRef = A1B2C3D4000000000000E013 /* NudgeCore */; };
/* End PBXBuildFile section */

/* Begin PBXContainerItemProxy section */
		49C8C7CE305AD4D60094A978 /* PBXContainerItemProxy */ = {
			isa = PBXContainerItemProxy;
			containerPortal = 49C8C7B8305AD4D30094A978 /* Project object */;
			proxyType = 1;
			remoteGlobalIDString = 49C8C7BF305AD4D30094A978;
			remoteInfo = Nudge;
		};
		49C8C7D8305AD4D60094A978 /* PBXContainerItemProxy */ = {
			isa = PBXContainerItemProxy;
			containerPortal = 49C8C7B8305AD4D30094A978 /* Project object */;
			proxyType = 1;
			remoteGlobalIDString = 49C8C7BF305AD4D30094A978;
			remoteInfo = Nudge;
		};
		49DB18FB3062B84000D91929 /* PBXContainerItemProxy */ = {
			isa = PBXContainerItemProxy;
			containerPortal = 49C8C7B8305AD4D30094A978 /* Project object */;
			proxyType = 1;
			remoteGlobalIDString = 49DB18F13062B83F00D91929;
			remoteInfo = NudgeMonitor;
		};
		49DB19113062B87000D91929 /* PBXContainerItemProxy */ = {
			isa = PBXContainerItemProxy;
			containerPortal = 49C8C7B8305AD4D30094A978 /* Project object */;
			proxyType = 1;
			remoteGlobalIDString = 49DB19063062B87000D91929;
			remoteInfo = NudgeShield;
		};
		49DB19233062B88700D91929 /* PBXContainerItemProxy */ = {
			isa = PBXContainerItemProxy;
			containerPortal = 49C8C7B8305AD4D30094A978 /* Project object */;
			proxyType = 1;
			remoteGlobalIDString = 49DB191B3062B88700D91929;
			remoteInfo = NudgeShieldAction;
		};
/* End PBXContainerItemProxy section */

/* Begin PBXCopyFilesBuildPhase section */
		49DB19023062B84000D91929 /* Embed Foundation Extensions */ = {
			isa = PBXCopyFilesBuildPhase;
			buildActionMask = 2147483647;
			dstPath = "";
			dstSubfolderSpec = 13;
			files = (
				49DB18FD3062B84000D91929 /* NudgeMonitor.appex in Embed Foundation Extensions */,
				49DB19253062B88700D91929 /* NudgeShieldAction.appex in Embed Foundation Extensions */,
				49DB19133062B87000D91929 /* NudgeShield.appex in Embed Foundation Extensions */,
			);
			name = "Embed Foundation Extensions";
			runOnlyForDeploymentPostprocessing = 0;
		};
/* End PBXCopyFilesBuildPhase section */

/* Begin PBXFileReference section */
		49C8C7C0305AD4D30094A978 /* Nudge.app */ = {isa = PBXFileReference; explicitFileType = wrapper.application; includeInIndex = 0; path = Nudge.app; sourceTree = BUILT_PRODUCTS_DIR; };
		49C8C7CD305AD4D60094A978 /* NudgeTests.xctest */ = {isa = PBXFileReference; explicitFileType = wrapper.cfbundle; includeInIndex = 0; path = NudgeTests.xctest; sourceTree = BUILT_PRODUCTS_DIR; };
		49C8C7D7305AD4D60094A978 /* NudgeUITests.xctest */ = {isa = PBXFileReference; explicitFileType = wrapper.cfbundle; includeInIndex = 0; path = NudgeUITests.xctest; sourceTree = BUILT_PRODUCTS_DIR; };
		49DB18F23062B83F00D91929 /* NudgeMonitor.appex */ = {isa = PBXFileReference; explicitFileType = "wrapper.app-extension"; includeInIndex = 0; path = NudgeMonitor.appex; sourceTree = BUILT_PRODUCTS_DIR; };
		49DB18F43062B83F00D91929 /* DeviceActivity.framework */ = {isa = PBXFileReference; lastKnownFileType = wrapper.framework; name = DeviceActivity.framework; path = System/Library/Frameworks/DeviceActivity.framework; sourceTree = SDKROOT; };
		49DB19073062B87000D91929 /* NudgeShield.appex */ = {isa = PBXFileReference; explicitFileType = "wrapper.app-extension"; includeInIndex = 0; path = NudgeShield.appex; sourceTree = BUILT_PRODUCTS_DIR; };
		49DB19083062B87000D91929 /* ManagedSettings.framework */ = {isa = PBXFileReference; lastKnownFileType = wrapper.framework; name = ManagedSettings.framework; path = System/Library/Frameworks/ManagedSettings.framework; sourceTree = SDKROOT; };
		49DB190A3062B87000D91929 /* ManagedSettingsUI.framework */ = {isa = PBXFileReference; lastKnownFileType = wrapper.framework; name = ManagedSettingsUI.framework; path = System/Library/Frameworks/ManagedSettingsUI.framework; sourceTree = SDKROOT; };
		49DB191C3062B88700D91929 /* NudgeShieldAction.appex */ = {isa = PBXFileReference; explicitFileType = "wrapper.app-extension"; includeInIndex = 0; path = NudgeShieldAction.appex; sourceTree = BUILT_PRODUCTS_DIR; };
/* End PBXFileReference section */

/* Begin PBXFileSystemSynchronizedBuildFileExceptionSet section */
		A1B2C3D4000000000000E020 /* Exceptions for "Nudge" folder in "Nudge" target */ = {
			isa = PBXFileSystemSynchronizedBuildFileExceptionSet;
			membershipExceptions = (
				Info.plist,
			);
			target = 49C8C7BF305AD4D30094A978 /* Nudge */;
		};
		49DB18FE3062B84000D91929 /* Exceptions for "NudgeMonitor" folder in "NudgeMonitor" target */ = {
			isa = PBXFileSystemSynchronizedBuildFileExceptionSet;
			membershipExceptions = (
				Info.plist,
			);
			target = 49DB18F13062B83F00D91929 /* NudgeMonitor */;
		};
		49DB19143062B87000D91929 /* Exceptions for "NudgeShield" folder in "NudgeShield" target */ = {
			isa = PBXFileSystemSynchronizedBuildFileExceptionSet;
			membershipExceptions = (
				Info.plist,
			);
			target = 49DB19063062B87000D91929 /* NudgeShield */;
		};
		49DB19263062B88700D91929 /* Exceptions for "NudgeShieldAction" folder in "NudgeShieldAction" target */ = {
			isa = PBXFileSystemSynchronizedBuildFileExceptionSet;
			membershipExceptions = (
				Info.plist,
			);
			target = 49DB191B3062B88700D91929 /* NudgeShieldAction */;
		};
/* End PBXFileSystemSynchronizedBuildFileExceptionSet section */

/* Begin PBXFileSystemSynchronizedRootGroup section */
		49C8C7C2305AD4D30094A978 /* Nudge */ = {
			exceptions = (
				A1B2C3D4000000000000E020 /* Exceptions for "Nudge" folder in "Nudge" target */,
			);
			isa = PBXFileSystemSynchronizedRootGroup;
			path = Nudge;
			sourceTree = "<group>";
		};
		49C8C7D0305AD4D60094A978 /* NudgeTests */ = {
			isa = PBXFileSystemSynchronizedRootGroup;
			path = NudgeTests;
			sourceTree = "<group>";
		};
		49C8C7DA305AD4D60094A978 /* NudgeUITests */ = {
			isa = PBXFileSystemSynchronizedRootGroup;
			path = NudgeUITests;
			sourceTree = "<group>";
		};
		49DB18F63062B84000D91929 /* NudgeMonitor */ = {
			isa = PBXFileSystemSynchronizedRootGroup;
			exceptions = (
				49DB18FE3062B84000D91929 /* Exceptions for "NudgeMonitor" folder in "NudgeMonitor" target */,
			);
			path = NudgeMonitor;
			sourceTree = "<group>";
		};
		49DB190C3062B87000D91929 /* NudgeShield */ = {
			isa = PBXFileSystemSynchronizedRootGroup;
			exceptions = (
				49DB19143062B87000D91929 /* Exceptions for "NudgeShield" folder in "NudgeShield" target */,
			);
			path = NudgeShield;
			sourceTree = "<group>";
		};
		49DB191E3062B88700D91929 /* NudgeShieldAction */ = {
			isa = PBXFileSystemSynchronizedRootGroup;
			exceptions = (
				49DB19263062B88700D91929 /* Exceptions for "NudgeShieldAction" folder in "NudgeShieldAction" target */,
			);
			path = NudgeShieldAction;
			sourceTree = "<group>";
		};
/* End PBXFileSystemSynchronizedRootGroup section */

/* Begin PBXFrameworksBuildPhase section */
		49C8C7BD305AD4D30094A978 /* Frameworks */ = {
			isa = PBXFrameworksBuildPhase;
			buildActionMask = 2147483647;
			files = (
				A1B2C3D4000000000000E005 /* NudgeCore in Frameworks */,
				A1B2C3D4000000000000E006 /* DesignSystem in Frameworks */,
			);
			runOnlyForDeploymentPostprocessing = 0;
		};
		49C8C7CA305AD4D60094A978 /* Frameworks */ = {
			isa = PBXFrameworksBuildPhase;
			buildActionMask = 2147483647;
			files = (
			);
			runOnlyForDeploymentPostprocessing = 0;
		};
		49C8C7D4305AD4D60094A978 /* Frameworks */ = {
			isa = PBXFrameworksBuildPhase;
			buildActionMask = 2147483647;
			files = (
			);
			runOnlyForDeploymentPostprocessing = 0;
		};
		49DB18EF3062B83F00D91929 /* Frameworks */ = {
			isa = PBXFrameworksBuildPhase;
			buildActionMask = 2147483647;
			files = (
				A1B2C3D4000000000000E014 /* NudgeCore in Frameworks */,
				49DB18F53062B84000D91929 /* DeviceActivity.framework in Frameworks */,
			);
			runOnlyForDeploymentPostprocessing = 0;
		};
		49DB19043062B87000D91929 /* Frameworks */ = {
			isa = PBXFrameworksBuildPhase;
			buildActionMask = 2147483647;
			files = (
				A1B2C3D4000000000000E015 /* NudgeCore in Frameworks */,
				49DB19093062B87000D91929 /* ManagedSettings.framework in Frameworks */,
				49DB190B3062B87000D91929 /* ManagedSettingsUI.framework in Frameworks */,
			);
			runOnlyForDeploymentPostprocessing = 0;
		};
		49DB19193062B88700D91929 /* Frameworks */ = {
			isa = PBXFrameworksBuildPhase;
			buildActionMask = 2147483647;
			files = (
				A1B2C3D4000000000000E016 /* NudgeCore in Frameworks */,
				49DB191D3062B88700D91929 /* ManagedSettings.framework in Frameworks */,
			);
			runOnlyForDeploymentPostprocessing = 0;
		};
/* End PBXFrameworksBuildPhase section */

/* Begin PBXGroup section */
		49C8C7B7305AD4D30094A978 = {
			isa = PBXGroup;
			children = (
				49C8C7C2305AD4D30094A978 /* Nudge */,
				49C8C7D0305AD4D60094A978 /* NudgeTests */,
				49C8C7DA305AD4D60094A978 /* NudgeUITests */,
				49DB18F63062B84000D91929 /* NudgeMonitor */,
				49DB190C3062B87000D91929 /* NudgeShield */,
				49DB191E3062B88700D91929 /* NudgeShieldAction */,
				49DB18F33062B83F00D91929 /* Frameworks */,
				49C8C7C1305AD4D30094A978 /* Products */,
			);
			sourceTree = "<group>";
		};
		49C8C7C1305AD4D30094A978 /* Products */ = {
			isa = PBXGroup;
			children = (
				49C8C7C0305AD4D30094A978 /* Nudge.app */,
				49C8C7CD305AD4D60094A978 /* NudgeTests.xctest */,
				49C8C7D7305AD4D60094A978 /* NudgeUITests.xctest */,
				49DB18F23062B83F00D91929 /* NudgeMonitor.appex */,
				49DB19073062B87000D91929 /* NudgeShield.appex */,
				49DB191C3062B88700D91929 /* NudgeShieldAction.appex */,
			);
			name = Products;
			sourceTree = "<group>";
		};
		49DB18F33062B83F00D91929 /* Frameworks */ = {
			isa = PBXGroup;
			children = (
				49DB18F43062B83F00D91929 /* DeviceActivity.framework */,
				49DB19083062B87000D91929 /* ManagedSettings.framework */,
				49DB190A3062B87000D91929 /* ManagedSettingsUI.framework */,
			);
			name = Frameworks;
			sourceTree = "<group>";
		};
/* End PBXGroup section */

/* Begin PBXNativeTarget section */
		49C8C7BF305AD4D30094A978 /* Nudge */ = {
			isa = PBXNativeTarget;
			buildConfigurationList = 49C8C7E1305AD4D60094A978 /* Build configuration list for PBXNativeTarget "Nudge" */;
			buildPhases = (
				49C8C7BC305AD4D30094A978 /* Sources */,
				49C8C7BD305AD4D30094A978 /* Frameworks */,
				49C8C7BE305AD4D30094A978 /* Resources */,
				49DB19023062B84000D91929 /* Embed Foundation Extensions */,
			);
			buildRules = (
			);
			dependencies = (
				49DB18FC3062B84000D91929 /* PBXTargetDependency */,
				49DB19123062B87000D91929 /* PBXTargetDependency */,
				49DB19243062B88700D91929 /* PBXTargetDependency */,
			);
			fileSystemSynchronizedGroups = (
				49C8C7C2305AD4D30094A978 /* Nudge */,
			);
			name = Nudge;
			packageProductDependencies = (
				A1B2C3D4000000000000E003 /* NudgeCore */,
				A1B2C3D4000000000000E004 /* DesignSystem */,
			);
			productName = Nudge;
			productReference = 49C8C7C0305AD4D30094A978 /* Nudge.app */;
			productType = "com.apple.product-type.application";
		};
		49C8C7CC305AD4D60094A978 /* NudgeTests */ = {
			isa = PBXNativeTarget;
			buildConfigurationList = 49C8C7E4305AD4D60094A978 /* Build configuration list for PBXNativeTarget "NudgeTests" */;
			buildPhases = (
				49C8C7C9305AD4D60094A978 /* Sources */,
				49C8C7CA305AD4D60094A978 /* Frameworks */,
				49C8C7CB305AD4D60094A978 /* Resources */,
			);
			buildRules = (
			);
			dependencies = (
				49C8C7CF305AD4D60094A978 /* PBXTargetDependency */,
			);
			fileSystemSynchronizedGroups = (
				49C8C7D0305AD4D60094A978 /* NudgeTests */,
			);
			name = NudgeTests;
			packageProductDependencies = (
			);
			productName = NudgeTests;
			productReference = 49C8C7CD305AD4D60094A978 /* NudgeTests.xctest */;
			productType = "com.apple.product-type.bundle.unit-test";
		};
		49C8C7D6305AD4D60094A978 /* NudgeUITests */ = {
			isa = PBXNativeTarget;
			buildConfigurationList = 49C8C7E7305AD4D60094A978 /* Build configuration list for PBXNativeTarget "NudgeUITests" */;
			buildPhases = (
				49C8C7D3305AD4D60094A978 /* Sources */,
				49C8C7D4305AD4D60094A978 /* Frameworks */,
				49C8C7D5305AD4D60094A978 /* Resources */,
			);
			buildRules = (
			);
			dependencies = (
				49C8C7D9305AD4D60094A978 /* PBXTargetDependency */,
			);
			fileSystemSynchronizedGroups = (
				49C8C7DA305AD4D60094A978 /* NudgeUITests */,
			);
			name = NudgeUITests;
			packageProductDependencies = (
			);
			productName = NudgeUITests;
			productReference = 49C8C7D7305AD4D60094A978 /* NudgeUITests.xctest */;
			productType = "com.apple.product-type.bundle.ui-testing";
		};
		49DB18F13062B83F00D91929 /* NudgeMonitor */ = {
			isa = PBXNativeTarget;
			buildConfigurationList = 49DB18FF3062B84000D91929 /* Build configuration list for PBXNativeTarget "NudgeMonitor" */;
			buildPhases = (
				49DB18EE3062B83F00D91929 /* Sources */,
				49DB18EF3062B83F00D91929 /* Frameworks */,
				49DB18F03062B83F00D91929 /* Resources */,
			);
			buildRules = (
			);
			dependencies = (
			);
			fileSystemSynchronizedGroups = (
				49DB18F63062B84000D91929 /* NudgeMonitor */,
			);
			name = NudgeMonitor;
			packageProductDependencies = (
				A1B2C3D4000000000000E011 /* NudgeCore */,
			);
			productName = NudgeMonitor;
			productReference = 49DB18F23062B83F00D91929 /* NudgeMonitor.appex */;
			productType = "com.apple.product-type.app-extension";
		};
		49DB19063062B87000D91929 /* NudgeShield */ = {
			isa = PBXNativeTarget;
			buildConfigurationList = 49DB19153062B87000D91929 /* Build configuration list for PBXNativeTarget "NudgeShield" */;
			buildPhases = (
				49DB19033062B87000D91929 /* Sources */,
				49DB19043062B87000D91929 /* Frameworks */,
				49DB19053062B87000D91929 /* Resources */,
			);
			buildRules = (
			);
			dependencies = (
			);
			fileSystemSynchronizedGroups = (
				49DB190C3062B87000D91929 /* NudgeShield */,
			);
			name = NudgeShield;
			packageProductDependencies = (
				A1B2C3D4000000000000E012 /* NudgeCore */,
			);
			productName = NudgeShield;
			productReference = 49DB19073062B87000D91929 /* NudgeShield.appex */;
			productType = "com.apple.product-type.app-extension";
		};
		49DB191B3062B88700D91929 /* NudgeShieldAction */ = {
			isa = PBXNativeTarget;
			buildConfigurationList = 49DB19273062B88700D91929 /* Build configuration list for PBXNativeTarget "NudgeShieldAction" */;
			buildPhases = (
				49DB19183062B88700D91929 /* Sources */,
				49DB19193062B88700D91929 /* Frameworks */,
				49DB191A3062B88700D91929 /* Resources */,
			);
			buildRules = (
			);
			dependencies = (
			);
			fileSystemSynchronizedGroups = (
				49DB191E3062B88700D91929 /* NudgeShieldAction */,
			);
			name = NudgeShieldAction;
			packageProductDependencies = (
				A1B2C3D4000000000000E013 /* NudgeCore */,
			);
			productName = NudgeShieldAction;
			productReference = 49DB191C3062B88700D91929 /* NudgeShieldAction.appex */;
			productType = "com.apple.product-type.app-extension";
		};
/* End PBXNativeTarget section */

/* Begin PBXProject section */
		49C8C7B8305AD4D30094A978 /* Project object */ = {
			isa = PBXProject;
			attributes = {
				BuildIndependentTargetsInParallel = 1;
				LastSwiftUpdateCheck = 2620;
				LastUpgradeCheck = 2620;
				TargetAttributes = {
					49C8C7BF305AD4D30094A978 = {
						CreatedOnToolsVersion = 26.2;
					};
					49C8C7CC305AD4D60094A978 = {
						CreatedOnToolsVersion = 26.2;
						TestTargetID = 49C8C7BF305AD4D30094A978;
					};
					49C8C7D6305AD4D60094A978 = {
						CreatedOnToolsVersion = 26.2;
						TestTargetID = 49C8C7BF305AD4D30094A978;
					};
					49DB18F13062B83F00D91929 = {
						CreatedOnToolsVersion = 26.2;
					};
					49DB19063062B87000D91929 = {
						CreatedOnToolsVersion = 26.2;
					};
					49DB191B3062B88700D91929 = {
						CreatedOnToolsVersion = 26.2;
					};
				};
			};
			buildConfigurationList = 49C8C7BB305AD4D30094A978 /* Build configuration list for PBXProject "nudge" */;
			developmentRegion = en;
			hasScannedForEncodings = 0;
			knownRegions = (
				en,
				Base,
			);
			mainGroup = 49C8C7B7305AD4D30094A978;
			minimizedProjectReferenceProxies = 1;
			packageReferences = (
				A1B2C3D4000000000000E001 /* XCLocalSwiftPackageReference "Packages/NudgeCore" */,
				A1B2C3D4000000000000E002 /* XCLocalSwiftPackageReference "Packages/DesignSystem" */,
			);
			preferredProjectObjectVersion = 77;
			productRefGroup = 49C8C7C1305AD4D30094A978 /* Products */;
			projectDirPath = "";
			projectRoot = "";
			targets = (
				49C8C7BF305AD4D30094A978 /* Nudge */,
				49C8C7CC305AD4D60094A978 /* NudgeTests */,
				49C8C7D6305AD4D60094A978 /* NudgeUITests */,
				49DB18F13062B83F00D91929 /* NudgeMonitor */,
				49DB19063062B87000D91929 /* NudgeShield */,
				49DB191B3062B88700D91929 /* NudgeShieldAction */,
			);
		};
/* End PBXProject section */

/* Begin PBXResourcesBuildPhase section */
		49C8C7BE305AD4D30094A978 /* Resources */ = {
			isa = PBXResourcesBuildPhase;
			buildActionMask = 2147483647;
			files = (
			);
			runOnlyForDeploymentPostprocessing = 0;
		};
		49C8C7CB305AD4D60094A978 /* Resources */ = {
			isa = PBXResourcesBuildPhase;
			buildActionMask = 2147483647;
			files = (
			);
			runOnlyForDeploymentPostprocessing = 0;
		};
		49C8C7D5305AD4D60094A978 /* Resources */ = {
			isa = PBXResourcesBuildPhase;
			buildActionMask = 2147483647;
			files = (
			);
			runOnlyForDeploymentPostprocessing = 0;
		};
		49DB18F03062B83F00D91929 /* Resources */ = {
			isa = PBXResourcesBuildPhase;
			buildActionMask = 2147483647;
			files = (
			);
			runOnlyForDeploymentPostprocessing = 0;
		};
		49DB19053062B87000D91929 /* Resources */ = {
			isa = PBXResourcesBuildPhase;
			buildActionMask = 2147483647;
			files = (
			);
			runOnlyForDeploymentPostprocessing = 0;
		};
		49DB191A3062B88700D91929 /* Resources */ = {
			isa = PBXResourcesBuildPhase;
			buildActionMask = 2147483647;
			files = (
			);
			runOnlyForDeploymentPostprocessing = 0;
		};
/* End PBXResourcesBuildPhase section */

/* Begin PBXSourcesBuildPhase section */
		49C8C7BC305AD4D30094A978 /* Sources */ = {
			isa = PBXSourcesBuildPhase;
			buildActionMask = 2147483647;
			files = (
			);
			runOnlyForDeploymentPostprocessing = 0;
		};
		49C8C7C9305AD4D60094A978 /* Sources */ = {
			isa = PBXSourcesBuildPhase;
			buildActionMask = 2147483647;
			files = (
			);
			runOnlyForDeploymentPostprocessing = 0;
		};
		49C8C7D3305AD4D60094A978 /* Sources */ = {
			isa = PBXSourcesBuildPhase;
			buildActionMask = 2147483647;
			files = (
			);
			runOnlyForDeploymentPostprocessing = 0;
		};
		49DB18EE3062B83F00D91929 /* Sources */ = {
			isa = PBXSourcesBuildPhase;
			buildActionMask = 2147483647;
			files = (
			);
			runOnlyForDeploymentPostprocessing = 0;
		};
		49DB19033062B87000D91929 /* Sources */ = {
			isa = PBXSourcesBuildPhase;
			buildActionMask = 2147483647;
			files = (
			);
			runOnlyForDeploymentPostprocessing = 0;
		};
		49DB19183062B88700D91929 /* Sources */ = {
			isa = PBXSourcesBuildPhase;
			buildActionMask = 2147483647;
			files = (
			);
			runOnlyForDeploymentPostprocessing = 0;
		};
/* End PBXSourcesBuildPhase section */

/* Begin PBXTargetDependency section */
		49C8C7CF305AD4D60094A978 /* PBXTargetDependency */ = {
			isa = PBXTargetDependency;
			target = 49C8C7BF305AD4D30094A978 /* Nudge */;
			targetProxy = 49C8C7CE305AD4D60094A978 /* PBXContainerItemProxy */;
		};
		49C8C7D9305AD4D60094A978 /* PBXTargetDependency */ = {
			isa = PBXTargetDependency;
			target = 49C8C7BF305AD4D30094A978 /* Nudge */;
			targetProxy = 49C8C7D8305AD4D60094A978 /* PBXContainerItemProxy */;
		};
		49DB18FC3062B84000D91929 /* PBXTargetDependency */ = {
			isa = PBXTargetDependency;
			target = 49DB18F13062B83F00D91929 /* NudgeMonitor */;
			targetProxy = 49DB18FB3062B84000D91929 /* PBXContainerItemProxy */;
		};
		49DB19123062B87000D91929 /* PBXTargetDependency */ = {
			isa = PBXTargetDependency;
			target = 49DB19063062B87000D91929 /* NudgeShield */;
			targetProxy = 49DB19113062B87000D91929 /* PBXContainerItemProxy */;
		};
		49DB19243062B88700D91929 /* PBXTargetDependency */ = {
			isa = PBXTargetDependency;
			target = 49DB191B3062B88700D91929 /* NudgeShieldAction */;
			targetProxy = 49DB19233062B88700D91929 /* PBXContainerItemProxy */;
		};
/* End PBXTargetDependency section */

/* Begin XCBuildConfiguration section */
		49C8C7DF305AD4D60094A978 /* Debug */ = {
			isa = XCBuildConfiguration;
			buildSettings = {
				ALWAYS_SEARCH_USER_PATHS = NO;
				ASSETCATALOG_COMPILER_GENERATE_SWIFT_ASSET_SYMBOL_EXTENSIONS = YES;
				CLANG_ANALYZER_NONNULL = YES;
				CLANG_ANALYZER_NUMBER_OBJECT_CONVERSION = YES_AGGRESSIVE;
				CLANG_CXX_LANGUAGE_STANDARD = "gnu++20";
				CLANG_ENABLE_MODULES = YES;
				CLANG_ENABLE_OBJC_ARC = YES;
				CLANG_ENABLE_OBJC_WEAK = YES;
				CLANG_WARN_BLOCK_CAPTURE_AUTORELEASING = YES;
				CLANG_WARN_BOOL_CONVERSION = YES;
				CLANG_WARN_COMMA = YES;
				CLANG_WARN_CONSTANT_CONVERSION = YES;
				CLANG_WARN_DEPRECATED_OBJC_IMPLEMENTATIONS = YES;
				CLANG_WARN_DIRECT_OBJC_ISA_USAGE = YES_ERROR;
				CLANG_WARN_DOCUMENTATION_COMMENTS = YES;
				CLANG_WARN_EMPTY_BODY = YES;
				CLANG_WARN_ENUM_CONVERSION = YES;
				CLANG_WARN_INFINITE_RECURSION = YES;
				CLANG_WARN_INT_CONVERSION = YES;
				CLANG_WARN_NON_LITERAL_NULL_CONVERSION = YES;
				CLANG_WARN_OBJC_IMPLICIT_RETAIN_SELF = YES;
				CLANG_WARN_OBJC_LITERAL_CONVERSION = YES;
				CLANG_WARN_OBJC_ROOT_CLASS = YES_ERROR;
				CLANG_WARN_QUOTED_INCLUDE_IN_FRAMEWORK_HEADER = YES;
				CLANG_WARN_RANGE_LOOP_ANALYSIS = YES;
				CLANG_WARN_STRICT_PROTOTYPES = YES;
				CLANG_WARN_SUSPICIOUS_MOVE = YES;
				CLANG_WARN_UNGUARDED_AVAILABILITY = YES_AGGRESSIVE;
				CLANG_WARN_UNREACHABLE_CODE = YES;
				CLANG_WARN__DUPLICATE_METHOD_MATCH = YES;
				COPY_PHASE_STRIP = NO;
				DEBUG_INFORMATION_FORMAT = dwarf;
				ENABLE_STRICT_OBJC_MSGSEND = YES;
				ENABLE_TESTABILITY = YES;
				ENABLE_USER_SCRIPT_SANDBOXING = YES;
				GCC_C_LANGUAGE_STANDARD = gnu17;
				GCC_DYNAMIC_NO_PIC = NO;
				GCC_NO_COMMON_BLOCKS = YES;
				GCC_OPTIMIZATION_LEVEL = 0;
				GCC_PREPROCESSOR_DEFINITIONS = (
					"DEBUG=1",
					"$(inherited)",
				);
				GCC_WARN_64_TO_32_BIT_CONVERSION = YES;
				GCC_WARN_ABOUT_RETURN_TYPE = YES_ERROR;
				GCC_WARN_UNDECLARED_SELECTOR = YES;
				GCC_WARN_UNINITIALIZED_AUTOS = YES_AGGRESSIVE;
				GCC_WARN_UNUSED_FUNCTION = YES;
				GCC_WARN_UNUSED_VARIABLE = YES;
				IPHONEOS_DEPLOYMENT_TARGET = 18.6;
				LOCALIZATION_PREFERS_STRING_CATALOGS = YES;
				MTL_ENABLE_DEBUG_INFO = INCLUDE_SOURCE;
				MTL_FAST_MATH = YES;
				ONLY_ACTIVE_ARCH = YES;
				SDKROOT = iphoneos;
				SWIFT_ACTIVE_COMPILATION_CONDITIONS = "DEBUG $(inherited)";
				SWIFT_OPTIMIZATION_LEVEL = "-Onone";
			};
			name = Debug;
		};
		49C8C7E0305AD4D60094A978 /* Release */ = {
			isa = XCBuildConfiguration;
			buildSettings = {
				ALWAYS_SEARCH_USER_PATHS = NO;
				ASSETCATALOG_COMPILER_GENERATE_SWIFT_ASSET_SYMBOL_EXTENSIONS = YES;
				CLANG_ANALYZER_NONNULL = YES;
				CLANG_ANALYZER_NUMBER_OBJECT_CONVERSION = YES_AGGRESSIVE;
				CLANG_CXX_LANGUAGE_STANDARD = "gnu++20";
				CLANG_ENABLE_MODULES = YES;
				CLANG_ENABLE_OBJC_ARC = YES;
				CLANG_ENABLE_OBJC_WEAK = YES;
				CLANG_WARN_BLOCK_CAPTURE_AUTORELEASING = YES;
				CLANG_WARN_BOOL_CONVERSION = YES;
				CLANG_WARN_COMMA = YES;
				CLANG_WARN_CONSTANT_CONVERSION = YES;
				CLANG_WARN_DEPRECATED_OBJC_IMPLEMENTATIONS = YES;
				CLANG_WARN_DIRECT_OBJC_ISA_USAGE = YES_ERROR;
				CLANG_WARN_DOCUMENTATION_COMMENTS = YES;
				CLANG_WARN_EMPTY_BODY = YES;
				CLANG_WARN_ENUM_CONVERSION = YES;
				CLANG_WARN_INFINITE_RECURSION = YES;
				CLANG_WARN_INT_CONVERSION = YES;
				CLANG_WARN_NON_LITERAL_NULL_CONVERSION = YES;
				CLANG_WARN_OBJC_IMPLICIT_RETAIN_SELF = YES;
				CLANG_WARN_OBJC_LITERAL_CONVERSION = YES;
				CLANG_WARN_OBJC_ROOT_CLASS = YES_ERROR;
				CLANG_WARN_QUOTED_INCLUDE_IN_FRAMEWORK_HEADER = YES;
				CLANG_WARN_RANGE_LOOP_ANALYSIS = YES;
				CLANG_WARN_STRICT_PROTOTYPES = YES;
				CLANG_WARN_SUSPICIOUS_MOVE = YES;
				CLANG_WARN_UNGUARDED_AVAILABILITY = YES_AGGRESSIVE;
				CLANG_WARN_UNREACHABLE_CODE = YES;
				CLANG_WARN__DUPLICATE_METHOD_MATCH = YES;
				COPY_PHASE_STRIP = NO;
				DEBUG_INFORMATION_FORMAT = "dwarf-with-dsym";
				ENABLE_NS_ASSERTIONS = NO;
				ENABLE_STRICT_OBJC_MSGSEND = YES;
				ENABLE_USER_SCRIPT_SANDBOXING = YES;
				GCC_C_LANGUAGE_STANDARD = gnu17;
				GCC_NO_COMMON_BLOCKS = YES;
				GCC_WARN_64_TO_32_BIT_CONVERSION = YES;
				GCC_WARN_ABOUT_RETURN_TYPE = YES_ERROR;
				GCC_WARN_UNDECLARED_SELECTOR = YES;
				GCC_WARN_UNINITIALIZED_AUTOS = YES_AGGRESSIVE;
				GCC_WARN_UNUSED_FUNCTION = YES;
				GCC_WARN_UNUSED_VARIABLE = YES;
				IPHONEOS_DEPLOYMENT_TARGET = 18.6;
				LOCALIZATION_PREFERS_STRING_CATALOGS = YES;
				MTL_ENABLE_DEBUG_INFO = NO;
				MTL_FAST_MATH = YES;
				SDKROOT = iphoneos;
				SWIFT_COMPILATION_MODE = wholemodule;
				VALIDATE_PRODUCT = YES;
			};
			name = Release;
		};
		49C8C7E2305AD4D60094A978 /* Debug */ = {
			isa = XCBuildConfiguration;
			buildSettings = {
				ASSETCATALOG_COMPILER_APPICON_NAME = AppIcon;
				ASSETCATALOG_COMPILER_GLOBAL_ACCENT_COLOR_NAME = AccentColor;
				CODE_SIGN_ENTITLEMENTS = Nudge/Nudge.entitlements;
				CODE_SIGN_STYLE = Automatic;
				CURRENT_PROJECT_VERSION = 1;
				ENABLE_PREVIEWS = YES;
				GENERATE_INFOPLIST_FILE = YES;
				INFOPLIST_KEY_UIApplicationSceneManifest_Generation = YES;
				INFOPLIST_KEY_UIApplicationSupportsIndirectInputEvents = YES;
				INFOPLIST_FILE = Nudge/Info.plist;
				INFOPLIST_KEY_UISupportedInterfaceOrientations_iPad = "UIInterfaceOrientationPortrait UIInterfaceOrientationPortraitUpsideDown";
				INFOPLIST_KEY_UISupportedInterfaceOrientations_iPhone = UIInterfaceOrientationPortrait;
				IPHONEOS_DEPLOYMENT_TARGET = 18.6;
				LD_RUNPATH_SEARCH_PATHS = (
					"$(inherited)",
					"@executable_path/Frameworks",
				);
				MARKETING_VERSION = 1.0;
				PRODUCT_BUNDLE_IDENTIFIER = app.nudge;
				PRODUCT_NAME = "$(TARGET_NAME)";
				STRING_CATALOG_GENERATE_SYMBOLS = YES;
				SUPPORTED_PLATFORMS = "iphoneos iphonesimulator";
				SUPPORTS_MACCATALYST = NO;
				SUPPORTS_MAC_DESIGNED_FOR_IPHONE_IPAD = NO;
				SUPPORTS_XR_DESIGNED_FOR_IPHONE_IPAD = NO;
				SWIFT_APPROACHABLE_CONCURRENCY = YES;
				SWIFT_DEFAULT_ACTOR_ISOLATION = MainActor;
				SWIFT_EMIT_LOC_STRINGS = YES;
				SWIFT_UPCOMING_FEATURE_MEMBER_IMPORT_VISIBILITY = YES;
				SWIFT_VERSION = 6.0;
				TARGETED_DEVICE_FAMILY = "1,2";
			};
			name = Debug;
		};
		49C8C7E3305AD4D60094A978 /* Release */ = {
			isa = XCBuildConfiguration;
			buildSettings = {
				ASSETCATALOG_COMPILER_APPICON_NAME = AppIcon;
				ASSETCATALOG_COMPILER_GLOBAL_ACCENT_COLOR_NAME = AccentColor;
				CODE_SIGN_ENTITLEMENTS = Nudge/Nudge.entitlements;
				CODE_SIGN_STYLE = Automatic;
				CURRENT_PROJECT_VERSION = 1;
				ENABLE_PREVIEWS = YES;
				GENERATE_INFOPLIST_FILE = YES;
				INFOPLIST_KEY_UIApplicationSceneManifest_Generation = YES;
				INFOPLIST_KEY_UIApplicationSupportsIndirectInputEvents = YES;
				INFOPLIST_FILE = Nudge/Info.plist;
				INFOPLIST_KEY_UISupportedInterfaceOrientations_iPad = "UIInterfaceOrientationPortrait UIInterfaceOrientationPortraitUpsideDown";
				INFOPLIST_KEY_UISupportedInterfaceOrientations_iPhone = UIInterfaceOrientationPortrait;
				IPHONEOS_DEPLOYMENT_TARGET = 18.6;
				LD_RUNPATH_SEARCH_PATHS = (
					"$(inherited)",
					"@executable_path/Frameworks",
				);
				MARKETING_VERSION = 1.0;
				PRODUCT_BUNDLE_IDENTIFIER = app.nudge;
				PRODUCT_NAME = "$(TARGET_NAME)";
				STRING_CATALOG_GENERATE_SYMBOLS = YES;
				SUPPORTED_PLATFORMS = "iphoneos iphonesimulator";
				SUPPORTS_MACCATALYST = NO;
				SUPPORTS_MAC_DESIGNED_FOR_IPHONE_IPAD = NO;
				SUPPORTS_XR_DESIGNED_FOR_IPHONE_IPAD = NO;
				SWIFT_APPROACHABLE_CONCURRENCY = YES;
				SWIFT_DEFAULT_ACTOR_ISOLATION = MainActor;
				SWIFT_EMIT_LOC_STRINGS = YES;
				SWIFT_UPCOMING_FEATURE_MEMBER_IMPORT_VISIBILITY = YES;
				SWIFT_VERSION = 6.0;
				TARGETED_DEVICE_FAMILY = "1,2";
			};
			name = Release;
		};
		49C8C7E5305AD4D60094A978 /* Debug */ = {
			isa = XCBuildConfiguration;
			buildSettings = {
				BUNDLE_LOADER = "$(TEST_HOST)";
				CODE_SIGN_STYLE = Automatic;
				CURRENT_PROJECT_VERSION = 1;
				GENERATE_INFOPLIST_FILE = YES;
				IPHONEOS_DEPLOYMENT_TARGET = 18.6;
				MARKETING_VERSION = 1.0;
				PRODUCT_BUNDLE_IDENTIFIER = app.nudge.tests;
				PRODUCT_NAME = "$(TARGET_NAME)";
				STRING_CATALOG_GENERATE_SYMBOLS = NO;
				SWIFT_APPROACHABLE_CONCURRENCY = YES;
				SWIFT_EMIT_LOC_STRINGS = NO;
				SWIFT_UPCOMING_FEATURE_MEMBER_IMPORT_VISIBILITY = YES;
				SWIFT_VERSION = 6.0;
				TARGETED_DEVICE_FAMILY = "1,2";
				TEST_HOST = "$(BUILT_PRODUCTS_DIR)/Nudge.app/$(BUNDLE_EXECUTABLE_FOLDER_PATH)/Nudge";
			};
			name = Debug;
		};
		49C8C7E6305AD4D60094A978 /* Release */ = {
			isa = XCBuildConfiguration;
			buildSettings = {
				BUNDLE_LOADER = "$(TEST_HOST)";
				CODE_SIGN_STYLE = Automatic;
				CURRENT_PROJECT_VERSION = 1;
				GENERATE_INFOPLIST_FILE = YES;
				IPHONEOS_DEPLOYMENT_TARGET = 18.6;
				MARKETING_VERSION = 1.0;
				PRODUCT_BUNDLE_IDENTIFIER = app.nudge.tests;
				PRODUCT_NAME = "$(TARGET_NAME)";
				STRING_CATALOG_GENERATE_SYMBOLS = NO;
				SWIFT_APPROACHABLE_CONCURRENCY = YES;
				SWIFT_EMIT_LOC_STRINGS = NO;
				SWIFT_UPCOMING_FEATURE_MEMBER_IMPORT_VISIBILITY = YES;
				SWIFT_VERSION = 6.0;
				TARGETED_DEVICE_FAMILY = "1,2";
				TEST_HOST = "$(BUILT_PRODUCTS_DIR)/Nudge.app/$(BUNDLE_EXECUTABLE_FOLDER_PATH)/Nudge";
			};
			name = Release;
		};
		49C8C7E8305AD4D60094A978 /* Debug */ = {
			isa = XCBuildConfiguration;
			buildSettings = {
				CODE_SIGN_STYLE = Automatic;
				CURRENT_PROJECT_VERSION = 1;
				GENERATE_INFOPLIST_FILE = YES;
				MARKETING_VERSION = 1.0;
				PRODUCT_BUNDLE_IDENTIFIER = app.nudge.uitests;
				PRODUCT_NAME = "$(TARGET_NAME)";
				STRING_CATALOG_GENERATE_SYMBOLS = NO;
				SWIFT_APPROACHABLE_CONCURRENCY = YES;
				SWIFT_EMIT_LOC_STRINGS = NO;
				SWIFT_UPCOMING_FEATURE_MEMBER_IMPORT_VISIBILITY = YES;
				SWIFT_VERSION = 6.0;
				TARGETED_DEVICE_FAMILY = "1,2";
				TEST_TARGET_NAME = Nudge;
			};
			name = Debug;
		};
		49C8C7E9305AD4D60094A978 /* Release */ = {
			isa = XCBuildConfiguration;
			buildSettings = {
				CODE_SIGN_STYLE = Automatic;
				CURRENT_PROJECT_VERSION = 1;
				GENERATE_INFOPLIST_FILE = YES;
				MARKETING_VERSION = 1.0;
				PRODUCT_BUNDLE_IDENTIFIER = app.nudge.uitests;
				PRODUCT_NAME = "$(TARGET_NAME)";
				STRING_CATALOG_GENERATE_SYMBOLS = NO;
				SWIFT_APPROACHABLE_CONCURRENCY = YES;
				SWIFT_EMIT_LOC_STRINGS = NO;
				SWIFT_UPCOMING_FEATURE_MEMBER_IMPORT_VISIBILITY = YES;
				SWIFT_VERSION = 6.0;
				TARGETED_DEVICE_FAMILY = "1,2";
				TEST_TARGET_NAME = Nudge;
			};
			name = Release;
		};
		49DB19003062B84000D91929 /* Debug */ = {
			isa = XCBuildConfiguration;
			buildSettings = {
				CODE_SIGN_ENTITLEMENTS = NudgeMonitor/NudgeMonitor.entitlements;
				CODE_SIGN_STYLE = Automatic;
				CURRENT_PROJECT_VERSION = 1;
				GENERATE_INFOPLIST_FILE = YES;
				INFOPLIST_FILE = NudgeMonitor/Info.plist;
				INFOPLIST_KEY_CFBundleDisplayName = NudgeMonitor;
				INFOPLIST_KEY_NSHumanReadableCopyright = "";
				IPHONEOS_DEPLOYMENT_TARGET = 18.6;
				LD_RUNPATH_SEARCH_PATHS = (
					"$(inherited)",
					"@executable_path/Frameworks",
					"@executable_path/../../Frameworks",
				);
				MARKETING_VERSION = 1.0;
				PRODUCT_BUNDLE_IDENTIFIER = app.nudge.NudgeMonitor;
				PRODUCT_NAME = "$(TARGET_NAME)";
				SKIP_INSTALL = YES;
				STRING_CATALOG_GENERATE_SYMBOLS = YES;
				SUPPORTED_PLATFORMS = "iphoneos iphonesimulator";
				SUPPORTS_MACCATALYST = NO;
				SUPPORTS_MAC_DESIGNED_FOR_IPHONE_IPAD = NO;
				SUPPORTS_XR_DESIGNED_FOR_IPHONE_IPAD = NO;
				SWIFT_APPROACHABLE_CONCURRENCY = YES;
				SWIFT_EMIT_LOC_STRINGS = YES;
				SWIFT_UPCOMING_FEATURE_MEMBER_IMPORT_VISIBILITY = YES;
				SWIFT_VERSION = 6.0;
				TARGETED_DEVICE_FAMILY = "1,2";
			};
			name = Debug;
		};
		49DB19013062B84000D91929 /* Release */ = {
			isa = XCBuildConfiguration;
			buildSettings = {
				CODE_SIGN_ENTITLEMENTS = NudgeMonitor/NudgeMonitor.entitlements;
				CODE_SIGN_STYLE = Automatic;
				CURRENT_PROJECT_VERSION = 1;
				GENERATE_INFOPLIST_FILE = YES;
				INFOPLIST_FILE = NudgeMonitor/Info.plist;
				INFOPLIST_KEY_CFBundleDisplayName = NudgeMonitor;
				INFOPLIST_KEY_NSHumanReadableCopyright = "";
				IPHONEOS_DEPLOYMENT_TARGET = 18.6;
				LD_RUNPATH_SEARCH_PATHS = (
					"$(inherited)",
					"@executable_path/Frameworks",
					"@executable_path/../../Frameworks",
				);
				MARKETING_VERSION = 1.0;
				PRODUCT_BUNDLE_IDENTIFIER = app.nudge.NudgeMonitor;
				PRODUCT_NAME = "$(TARGET_NAME)";
				SKIP_INSTALL = YES;
				STRING_CATALOG_GENERATE_SYMBOLS = YES;
				SUPPORTED_PLATFORMS = "iphoneos iphonesimulator";
				SUPPORTS_MACCATALYST = NO;
				SUPPORTS_MAC_DESIGNED_FOR_IPHONE_IPAD = NO;
				SUPPORTS_XR_DESIGNED_FOR_IPHONE_IPAD = NO;
				SWIFT_APPROACHABLE_CONCURRENCY = YES;
				SWIFT_EMIT_LOC_STRINGS = YES;
				SWIFT_UPCOMING_FEATURE_MEMBER_IMPORT_VISIBILITY = YES;
				SWIFT_VERSION = 6.0;
				TARGETED_DEVICE_FAMILY = "1,2";
			};
			name = Release;
		};
		49DB19163062B87000D91929 /* Debug */ = {
			isa = XCBuildConfiguration;
			buildSettings = {
				CODE_SIGN_ENTITLEMENTS = NudgeShield/NudgeShield.entitlements;
				CODE_SIGN_STYLE = Automatic;
				CURRENT_PROJECT_VERSION = 1;
				GENERATE_INFOPLIST_FILE = YES;
				INFOPLIST_FILE = NudgeShield/Info.plist;
				INFOPLIST_KEY_CFBundleDisplayName = NudgeShield;
				INFOPLIST_KEY_NSHumanReadableCopyright = "";
				IPHONEOS_DEPLOYMENT_TARGET = 18.6;
				LD_RUNPATH_SEARCH_PATHS = (
					"$(inherited)",
					"@executable_path/Frameworks",
					"@executable_path/../../Frameworks",
				);
				MARKETING_VERSION = 1.0;
				PRODUCT_BUNDLE_IDENTIFIER = app.nudge.NudgeShield;
				PRODUCT_NAME = "$(TARGET_NAME)";
				SKIP_INSTALL = YES;
				STRING_CATALOG_GENERATE_SYMBOLS = YES;
				SUPPORTED_PLATFORMS = "iphoneos iphonesimulator";
				SUPPORTS_MACCATALYST = NO;
				SUPPORTS_MAC_DESIGNED_FOR_IPHONE_IPAD = NO;
				SUPPORTS_XR_DESIGNED_FOR_IPHONE_IPAD = NO;
				SWIFT_APPROACHABLE_CONCURRENCY = YES;
				SWIFT_EMIT_LOC_STRINGS = YES;
				SWIFT_UPCOMING_FEATURE_MEMBER_IMPORT_VISIBILITY = YES;
				SWIFT_VERSION = 6.0;
				TARGETED_DEVICE_FAMILY = "1,2";
			};
			name = Debug;
		};
		49DB19173062B87000D91929 /* Release */ = {
			isa = XCBuildConfiguration;
			buildSettings = {
				CODE_SIGN_ENTITLEMENTS = NudgeShield/NudgeShield.entitlements;
				CODE_SIGN_STYLE = Automatic;
				CURRENT_PROJECT_VERSION = 1;
				GENERATE_INFOPLIST_FILE = YES;
				INFOPLIST_FILE = NudgeShield/Info.plist;
				INFOPLIST_KEY_CFBundleDisplayName = NudgeShield;
				INFOPLIST_KEY_NSHumanReadableCopyright = "";
				IPHONEOS_DEPLOYMENT_TARGET = 18.6;
				LD_RUNPATH_SEARCH_PATHS = (
					"$(inherited)",
					"@executable_path/Frameworks",
					"@executable_path/../../Frameworks",
				);
				MARKETING_VERSION = 1.0;
				PRODUCT_BUNDLE_IDENTIFIER = app.nudge.NudgeShield;
				PRODUCT_NAME = "$(TARGET_NAME)";
				SKIP_INSTALL = YES;
				STRING_CATALOG_GENERATE_SYMBOLS = YES;
				SUPPORTED_PLATFORMS = "iphoneos iphonesimulator";
				SUPPORTS_MACCATALYST = NO;
				SUPPORTS_MAC_DESIGNED_FOR_IPHONE_IPAD = NO;
				SUPPORTS_XR_DESIGNED_FOR_IPHONE_IPAD = NO;
				SWIFT_APPROACHABLE_CONCURRENCY = YES;
				SWIFT_EMIT_LOC_STRINGS = YES;
				SWIFT_UPCOMING_FEATURE_MEMBER_IMPORT_VISIBILITY = YES;
				SWIFT_VERSION = 6.0;
				TARGETED_DEVICE_FAMILY = "1,2";
			};
			name = Release;
		};
		49DB19283062B88700D91929 /* Debug */ = {
			isa = XCBuildConfiguration;
			buildSettings = {
				CODE_SIGN_ENTITLEMENTS = NudgeShieldAction/NudgeShieldAction.entitlements;
				CODE_SIGN_STYLE = Automatic;
				CURRENT_PROJECT_VERSION = 1;
				GENERATE_INFOPLIST_FILE = YES;
				INFOPLIST_FILE = NudgeShieldAction/Info.plist;
				INFOPLIST_KEY_CFBundleDisplayName = NudgeShieldAction;
				INFOPLIST_KEY_NSHumanReadableCopyright = "";
				IPHONEOS_DEPLOYMENT_TARGET = 18.6;
				LD_RUNPATH_SEARCH_PATHS = (
					"$(inherited)",
					"@executable_path/Frameworks",
					"@executable_path/../../Frameworks",
				);
				MARKETING_VERSION = 1.0;
				PRODUCT_BUNDLE_IDENTIFIER = app.nudge.NudgeShieldAction;
				PRODUCT_NAME = "$(TARGET_NAME)";
				SKIP_INSTALL = YES;
				STRING_CATALOG_GENERATE_SYMBOLS = YES;
				SUPPORTED_PLATFORMS = "iphoneos iphonesimulator";
				SUPPORTS_MACCATALYST = NO;
				SUPPORTS_MAC_DESIGNED_FOR_IPHONE_IPAD = NO;
				SUPPORTS_XR_DESIGNED_FOR_IPHONE_IPAD = NO;
				SWIFT_APPROACHABLE_CONCURRENCY = YES;
				SWIFT_EMIT_LOC_STRINGS = YES;
				SWIFT_UPCOMING_FEATURE_MEMBER_IMPORT_VISIBILITY = YES;
				SWIFT_VERSION = 6.0;
				TARGETED_DEVICE_FAMILY = "1,2";
			};
			name = Debug;
		};
		49DB19293062B88700D91929 /* Release */ = {
			isa = XCBuildConfiguration;
			buildSettings = {
				CODE_SIGN_ENTITLEMENTS = NudgeShieldAction/NudgeShieldAction.entitlements;
				CODE_SIGN_STYLE = Automatic;
				CURRENT_PROJECT_VERSION = 1;
				GENERATE_INFOPLIST_FILE = YES;
				INFOPLIST_FILE = NudgeShieldAction/Info.plist;
				INFOPLIST_KEY_CFBundleDisplayName = NudgeShieldAction;
				INFOPLIST_KEY_NSHumanReadableCopyright = "";
				IPHONEOS_DEPLOYMENT_TARGET = 18.6;
				LD_RUNPATH_SEARCH_PATHS = (
					"$(inherited)",
					"@executable_path/Frameworks",
					"@executable_path/../../Frameworks",
				);
				MARKETING_VERSION = 1.0;
				PRODUCT_BUNDLE_IDENTIFIER = app.nudge.NudgeShieldAction;
				PRODUCT_NAME = "$(TARGET_NAME)";
				SKIP_INSTALL = YES;
				STRING_CATALOG_GENERATE_SYMBOLS = YES;
				SUPPORTED_PLATFORMS = "iphoneos iphonesimulator";
				SUPPORTS_MACCATALYST = NO;
				SUPPORTS_MAC_DESIGNED_FOR_IPHONE_IPAD = NO;
				SUPPORTS_XR_DESIGNED_FOR_IPHONE_IPAD = NO;
				SWIFT_APPROACHABLE_CONCURRENCY = YES;
				SWIFT_EMIT_LOC_STRINGS = YES;
				SWIFT_UPCOMING_FEATURE_MEMBER_IMPORT_VISIBILITY = YES;
				SWIFT_VERSION = 6.0;
				TARGETED_DEVICE_FAMILY = "1,2";
			};
			name = Release;
		};
/* End XCBuildConfiguration section */

/* Begin XCConfigurationList section */
		49C8C7BB305AD4D30094A978 /* Build configuration list for PBXProject "nudge" */ = {
			isa = XCConfigurationList;
			buildConfigurations = (
				49C8C7DF305AD4D60094A978 /* Debug */,
				49C8C7E0305AD4D60094A978 /* Release */,
			);
			defaultConfigurationIsVisible = 0;
			defaultConfigurationName = Release;
		};
		49C8C7E1305AD4D60094A978 /* Build configuration list for PBXNativeTarget "Nudge" */ = {
			isa = XCConfigurationList;
			buildConfigurations = (
				49C8C7E2305AD4D60094A978 /* Debug */,
				49C8C7E3305AD4D60094A978 /* Release */,
			);
			defaultConfigurationIsVisible = 0;
			defaultConfigurationName = Release;
		};
		49C8C7E4305AD4D60094A978 /* Build configuration list for PBXNativeTarget "NudgeTests" */ = {
			isa = XCConfigurationList;
			buildConfigurations = (
				49C8C7E5305AD4D60094A978 /* Debug */,
				49C8C7E6305AD4D60094A978 /* Release */,
			);
			defaultConfigurationIsVisible = 0;
			defaultConfigurationName = Release;
		};
		49C8C7E7305AD4D60094A978 /* Build configuration list for PBXNativeTarget "NudgeUITests" */ = {
			isa = XCConfigurationList;
			buildConfigurations = (
				49C8C7E8305AD4D60094A978 /* Debug */,
				49C8C7E9305AD4D60094A978 /* Release */,
			);
			defaultConfigurationIsVisible = 0;
			defaultConfigurationName = Release;
		};
		49DB18FF3062B84000D91929 /* Build configuration list for PBXNativeTarget "NudgeMonitor" */ = {
			isa = XCConfigurationList;
			buildConfigurations = (
				49DB19003062B84000D91929 /* Debug */,
				49DB19013062B84000D91929 /* Release */,
			);
			defaultConfigurationIsVisible = 0;
			defaultConfigurationName = Release;
		};
		49DB19153062B87000D91929 /* Build configuration list for PBXNativeTarget "NudgeShield" */ = {
			isa = XCConfigurationList;
			buildConfigurations = (
				49DB19163062B87000D91929 /* Debug */,
				49DB19173062B87000D91929 /* Release */,
			);
			defaultConfigurationIsVisible = 0;
			defaultConfigurationName = Release;
		};
		49DB19273062B88700D91929 /* Build configuration list for PBXNativeTarget "NudgeShieldAction" */ = {
			isa = XCConfigurationList;
			buildConfigurations = (
				49DB19283062B88700D91929 /* Debug */,
				49DB19293062B88700D91929 /* Release */,
			);
			defaultConfigurationIsVisible = 0;
			defaultConfigurationName = Release;
		};
/* End XCConfigurationList section */

/* Begin XCLocalSwiftPackageReference section */
		A1B2C3D4000000000000E001 /* XCLocalSwiftPackageReference "Packages/NudgeCore" */ = {
			isa = XCLocalSwiftPackageReference;
			relativePath = Packages/NudgeCore;
		};
		A1B2C3D4000000000000E002 /* XCLocalSwiftPackageReference "Packages/DesignSystem" */ = {
			isa = XCLocalSwiftPackageReference;
			relativePath = Packages/DesignSystem;
		};
/* End XCLocalSwiftPackageReference section */

/* Begin XCSwiftPackageProductDependency section */
		A1B2C3D4000000000000E003 /* NudgeCore */ = {
			isa = XCSwiftPackageProductDependency;
			productName = NudgeCore;
		};
		A1B2C3D4000000000000E004 /* DesignSystem */ = {
			isa = XCSwiftPackageProductDependency;
			productName = DesignSystem;
		};
		A1B2C3D4000000000000E011 /* NudgeCore */ = {
			isa = XCSwiftPackageProductDependency;
			productName = NudgeCore;
		};
		A1B2C3D4000000000000E012 /* NudgeCore */ = {
			isa = XCSwiftPackageProductDependency;
			productName = NudgeCore;
		};
		A1B2C3D4000000000000E013 /* NudgeCore */ = {
			isa = XCSwiftPackageProductDependency;
			productName = NudgeCore;
		};
/* End XCSwiftPackageProductDependency section */
	};
	rootObject = 49C8C7B8305AD4D30094A978 /* Project object */;
}
